{
  "object": {
    "pins": [
      {
        "package": "Actions",
        "repositoryURL": "https://github.com/elegantchaos/Actions",
        "state": {
          "branch": null,
          "revision": "19111bc61490fd50c9dfd746ec5e79188ca1a2d3",
          "version": "1.5.1"
        }
      },
      {
        "package": "Localization",
        "repositoryURL": "https://github.com/elegantchaos/Localization",
        "state": {
          "branch": null,
          "revision": "c7e9058785748455314cd3b5bedc300d17bc287f",
          "version": "1.0.3"
        }
      },
      {
        "package": "Logger",
        "repositoryURL": "https://github.com/elegantchaos/Logger",
        "state": {
          "branch": null,
          "revision": "cd67757f696ce6c8353d874d867a49b8e2306e2f",
          "version": "1.5.3"
        }
      }
    ]
  },
  "version": 1
}
